
Microsoft Visual Studio Solution File, Format Version 12.00
# Visual Studio 15
Project("{FAE04EC0-301F-11D3-BF4B-00C04F79EFBC}") = "Assembly-CSharp", "Assembly-CSharp.csproj", "{8DBB6386-D98D-DCEB-2866-BEE30CD4BC42}"
EndProject
Project("{FAE04EC0-301F-11D3-BF4B-00C04F79EFBC}") = "Assembly-CSharp-firstpass", "Assembly-CSharp-firstpass.csproj", "{45DDAD66-F776-256C-55A2-B7411F57FF63}"
EndProject
Project("{FAE04EC0-301F-11D3-BF4B-00C04F79EFBC}") = "Assembly-CSharp-Editor", "Assembly-CSharp-Editor.csproj", "{1BFBFA3B-2B81-A4B2-32A1-E3DCD283961F}"
EndProject
Project("{FAE04EC0-301F-11D3-BF4B-00C04F79EFBC}") = "Assembly-CSharp-Editor-firstpass", "Assembly-CSharp-Editor-firstpass.csproj", "{55F89BC7-B09B-AE9F-6FE2-63C1B3DD1D84}"
EndProject
Global
	GlobalSection(SolutionConfigurationPlatforms) = preSolution
		Debug|Any CPU = Debug|Any CPU
		Release|Any CPU = Release|Any CPU
	EndGlobalSection
	GlobalSection(ProjectConfigurationPlatforms) = postSolution
		{8DBB6386-D98D-DCEB-2866-BEE30CD4BC42}.Debug|Any CPU.ActiveCfg = Debug|Any CPU
		{8DBB6386-D98D-DCEB-2866-BEE30CD4BC42}.Debug|Any CPU.Build.0 = Debug|Any CPU
		{8DBB6386-D98D-DCEB-2866-BEE30CD4BC42}.Release|Any CPU.ActiveCfg = Release|Any CPU
		{8DBB6386-D98D-DCEB-2866-BEE30CD4BC42}.Release|Any CPU.Build.0 = Release|Any CPU
		{45DDAD66-F776-256C-55A2-B7411F57FF63}.Debug|Any CPU.ActiveCfg = Debug|Any CPU
		{45DDAD66-F776-256C-55A2-B7411F57FF63}.Debug|Any CPU.Build.0 = Debug|Any CPU
		{45DDAD66-F776-256C-55A2-B7411F57FF63}.Release|Any CPU.ActiveCfg = Release|Any CPU
		{45DDAD66-F776-256C-55A2-B7411F57FF63}.Release|Any CPU.Build.0 = Release|Any CPU
		{1BFBFA3B-2B81-A4B2-32A1-E3DCD283961F}.Debug|Any CPU.ActiveCfg = Debug|Any CPU
		{1BFBFA3B-2B81-A4B2-32A1-E3DCD283961F}.Debug|Any CPU.Build.0 = Debug|Any CPU
		{1BFBFA3B-2B81-A4B2-32A1-E3DCD283961F}.Release|Any CPU.ActiveCfg = Release|Any CPU
		{1BFBFA3B-2B81-A4B2-32A1-E3DCD283961F}.Release|Any CPU.Build.0 = Release|Any CPU
		{55F89BC7-B09B-AE9F-6FE2-63C1B3DD1D84}.Debug|Any CPU.ActiveCfg = Debug|Any CPU
		{55F89BC7-B09B-AE9F-6FE2-63C1B3DD1D84}.Debug|Any CPU.Build.0 = Debug|Any CPU
		{55F89BC7-B09B-AE9F-6FE2-63C1B3DD1D84}.Release|Any CPU.ActiveCfg = Release|Any CPU
		{55F89BC7-B09B-AE9F-6FE2-63C1B3DD1D84}.Release|Any CPU.Build.0 = Release|Any CPU
	EndGlobalSection
	GlobalSection(SolutionProperties) = preSolution
		HideSolutionNode = FALSE
	EndGlobalSection
EndGlobal
